hash: 0b56604cdae53dc94cec420057a7d2c5112789126c924cfe49afc9f06046c4aa
updated: 2016-09-30T16:44:42.978235845-04:00
imports:
- name: github.com/dgrijalva/jwt-go
  version: 24c63f56522a87ec5339cc3567883f1039378fdb
- name: github.com/labstack/echo
  version: 04e6901d05b58ddbae579a6252a3d1bb3f334adc
  subpackages:
  - context
  - engine
  - engine/standard
  - log
  - middleware
- name: github.com/labstack/gommon
  version: f3b1a1b3bd4726161e1200863d278df7da5e66ff
  subpackages:
  - bytes
  - color
  - log
  - random
- name: github.com/mattn/go-colorable
  version: 6c903ff4aa50920ca86087a280590b36b3152b9c
- name: github.com/mattn/go-isatty
  version: 66b8e73f3f5cda9f96b69efd03dd3d7fc4a5cdb8
- name: github.com/valyala/fasttemplate
  version: 3b874956e03f1636d171bda64b130f9135f42cff
- name: golang.org/x/net
  version: 697293012c1df3836225e65b04b16871ac5bf0bf
  subpackages:
  - context
- name: golang.org/x/sys
  version: 8f0908ab3b2457e2e15403d3697c9ef5cb4b57a9
  subpackages:
  - unix
testImports: []
