hash: c5d8630a34e4cf297be232e08531721100289412c52a3888f21f911c4916cef3
updated: 2016-09-27T17:02:59.882165165-04:00
imports:
- name: github.com/daaku/go.zipexe
  version: a5fe2436ffcb3236e175e5149162b41cd28bd27d
- name: github.com/GeertJohan/go.rice
  version: 0f3f5fde32fd1f755632a3d31ba2ec6d449e387b
  subpackages:
  - '...'
  - embedded
  - rice
- name: github.com/kardianos/osext
  version: 29ae4ffbc9a6fe9fb2bc5029050ce6996ea1d3bc
testImports: []
