hash: 7fcfe5a3d8ab5132623a49a50bce2984a0eab9a43f7f8e9f17f54f87dc4785ba
updated: 2016-10-07T20:01:25.356616736-04:00
imports:
- name: github.com/dvsekhvalnov/jose2go
  version: 6387d3c1f5abd8443b223577d5a7e0f4e0e5731f
  subpackages:
  - aes
  - arrays
  - base64url
  - compact
  - kdf
  - keys/ecc
  - padding
testImports: []
